
Microsoft Visual Studio Solution File, Format Version 12.00
# Visual Studio Version 16
VisualStudioVersion = 16.0.30413.136
MinimumVisualStudioVersion = 10.0.40219.1
Project("{8BC9CEB8-8B4A-11D0-8D11-00A0C91BC942}") = "2laba", "2laba\2laba.vcxproj", "{0EE4BD78-F0AD-429E-8256-0BFF6CC520DB}"
EndProject
Global
	GlobalSection(SolutionConfigurationPlatforms) = preSolution
		Debug|x64 = Debug|x64
		Debug|x86 = Debug|x86
		Release|x64 = Release|x64
		Release|x86 = Release|x86
	EndGlobalSection
	GlobalSection(ProjectConfigurationPlatforms) = postSolution
		{0EE4BD78-F0AD-429E-8256-0BFF6CC520DB}.Debug|x64.ActiveCfg = Debug|x64
		{0EE4BD78-F0AD-429E-8256-0BFF6CC520DB}.Debug|x64.Build.0 = Debug|x64
		{0EE4BD78-F0AD-429E-8256-0BFF6CC520DB}.Debug|x86.ActiveCfg = Debug|Win32
		{0EE4BD78-F0AD-429E-8256-0BFF6CC520DB}.Debug|x86.Build.0 = Debug|Win32
		{0EE4BD78-F0AD-429E-8256-0BFF6CC520DB}.Release|x64.ActiveCfg = Release|x64
		{0EE4BD78-F0AD-429E-8256-0BFF6CC520DB}.Release|x64.Build.0 = Release|x64
		{0EE4BD78-F0AD-429E-8256-0BFF6CC520DB}.Release|x86.ActiveCfg = Release|Win32
		{0EE4BD78-F0AD-429E-8256-0BFF6CC520DB}.Release|x86.Build.0 = Release|Win32
	EndGlobalSection
	GlobalSection(SolutionProperties) = preSolution
		HideSolutionNode = FALSE
	EndGlobalSection
	GlobalSection(ExtensibilityGlobals) = postSolution
		SolutionGuid = {E18A8A71-289E-4A6F-A256-0C4CD38657ED}
	EndGlobalSection
EndGlobal
